// !$*UTF8*$!
{
	archiveVersion = 1;
	classes = {
	};
	objectVersion = 46;
	objects = {

/* Begin PBXBuildFile section */
		2681C76D1CB6865900DAD467 /* RCCTheSideBarManagerViewController.m in Sources */ = {isa = PBXBuildFile; fileRef = 2681C7491CB6865900DAD467 /* RCCTheSideBarManagerViewController.m */; };
		2681C76E1CB6865900DAD467 /* MMDrawerBarButtonItem.m in Sources */ = {isa = PBXBuildFile; fileRef = 2681C74C1CB6865900DAD467 /* MMDrawerBarButtonItem.m */; };
		2681C76F1CB6865900DAD467 /* MMDrawerController.m in Sources */ = {isa = PBXBuildFile; fileRef = 2681C74F1CB6865900DAD467 /* MMDrawerController.m */; };
		2681C7701CB6865900DAD467 /* MMDrawerVisualState.m in Sources */ = {isa = PBXBuildFile; fileRef = 2681C7511CB6865900DAD467 /* MMDrawerVisualState.m */; };
		2681C7711CB6865900DAD467 /* MMExampleDrawerVisualStateManager.m in Sources */ = {isa = PBXBuildFile; fileRef = 2681C7531CB6865900DAD467 /* MMExampleDrawerVisualStateManager.m */; };
		2681C7721CB6865900DAD467 /* UIViewController+MMDrawerController.m in Sources */ = {isa = PBXBuildFile; fileRef = 2681C7551CB6865900DAD467 /* UIViewController+MMDrawerController.m */; };
		2681C7731CB6865900DAD467 /* RCCDrawerController.m in Sources */ = {isa = PBXBuildFile; fileRef = 2681C7571CB6865900DAD467 /* RCCDrawerController.m */; };
		2681C7741CB6865900DAD467 /* RCCDrawerHelper.m in Sources */ = {isa = PBXBuildFile; fileRef = 2681C7591CB6865900DAD467 /* RCCDrawerHelper.m */; };
		2681C7751CB6865900DAD467 /* SidebarAirbnbAnimation.m in Sources */ = {isa = PBXBuildFile; fileRef = 2681C75E1CB6865900DAD467 /* SidebarAirbnbAnimation.m */; };
		2681C7761CB6865900DAD467 /* SidebarAnimation.m in Sources */ = {isa = PBXBuildFile; fileRef = 2681C7601CB6865900DAD467 /* SidebarAnimation.m */; };
		2681C7771CB6865900DAD467 /* SidebarFacebookAnimation.m in Sources */ = {isa = PBXBuildFile; fileRef = 2681C7621CB6865900DAD467 /* SidebarFacebookAnimation.m */; };
		2681C7781CB6865900DAD467 /* SidebarFeedlyAnimation.m in Sources */ = {isa = PBXBuildFile; fileRef = 2681C7641CB6865900DAD467 /* SidebarFeedlyAnimation.m */; };
		2681C7791CB6865900DAD467 /* SidebarFlipboardAnimation.m in Sources */ = {isa = PBXBuildFile; fileRef = 2681C7661CB6865900DAD467 /* SidebarFlipboardAnimation.m */; };
		2681C77A1CB6865900DAD467 /* SidebarLuvocracyAnimation.m in Sources */ = {isa = PBXBuildFile; fileRef = 2681C7681CB6865900DAD467 /* SidebarLuvocracyAnimation.m */; };
		2681C77B1CB6865900DAD467 /* SidebarWunderlistAnimation.m in Sources */ = {isa = PBXBuildFile; fileRef = 2681C76A1CB6865900DAD467 /* SidebarWunderlistAnimation.m */; };
		2681C77C1CB6865900DAD467 /* TheSidebarController.m in Sources */ = {isa = PBXBuildFile; fileRef = 2681C76C1CB6865900DAD467 /* TheSidebarController.m */; };
		CC84A19E1C1A0C4E00B3A6A2 /* RCCManager.m in Sources */ = {isa = PBXBuildFile; fileRef = CC84A1941C1A0C4E00B3A6A2 /* RCCManager.m */; };
		CC84A19F1C1A0C4E00B3A6A2 /* RCCManagerModule.m in Sources */ = {isa = PBXBuildFile; fileRef = CC84A1961C1A0C4E00B3A6A2 /* RCCManagerModule.m */; };
		CC84A1A01C1A0C4E00B3A6A2 /* RCCNavigationController.m in Sources */ = {isa = PBXBuildFile; fileRef = CC84A1981C1A0C4E00B3A6A2 /* RCCNavigationController.m */; };
		CC84A1A11C1A0C4E00B3A6A2 /* RCCTabBarController.m in Sources */ = {isa = PBXBuildFile; fileRef = CC84A19A1C1A0C4E00B3A6A2 /* RCCTabBarController.m */; };
		CC84A1A21C1A0C4E00B3A6A2 /* RCCViewController.m in Sources */ = {isa = PBXBuildFile; fileRef = CC84A19C1C1A0C4E00B3A6A2 /* RCCViewController.m */; };
		D84813191C8C5EB700051BAF /* RCCLightBox.m in Sources */ = {isa = PBXBuildFile; fileRef = D84813181C8C5EB700051BAF /* RCCLightBox.m */; };
/* End PBXBuildFile section */

/* Begin PBXCopyFilesBuildPhase section */
		D8AFADBB1BEE6F3F00A4592D /* CopyFiles */ = {
			isa = PBXCopyFilesBuildPhase;
			buildActionMask = 2147483647;
			dstPath = "include/$(PRODUCT_NAME)";
			dstSubfolderSpec = 16;
			files = (
			);
			runOnlyForDeploymentPostprocessing = 0;
		};
/* End PBXCopyFilesBuildPhase section */

/* Begin PBXFileReference section */
		2681C7481CB6865900DAD467 /* RCCTheSideBarManagerViewController.h */ = {isa = PBXFileReference; fileEncoding = 4; lastKnownFileType = sourcecode.c.h; path = RCCTheSideBarManagerViewController.h; sourceTree = "<group>"; };
		2681C7491CB6865900DAD467 /* RCCTheSideBarManagerViewController.m */ = {isa = PBXFileReference; fileEncoding = 4; lastKnownFileType = sourcecode.c.objc; path = RCCTheSideBarManagerViewController.m; sourceTree = "<group>"; };
		2681C74B1CB6865900DAD467 /* MMDrawerBarButtonItem.h */ = {isa = PBXFileReference; fileEncoding = 4; lastKnownFileType = sourcecode.c.h; path = MMDrawerBarButtonItem.h; sourceTree = "<group>"; };
		2681C74C1CB6865900DAD467 /* MMDrawerBarButtonItem.m */ = {isa = PBXFileReference; fileEncoding = 4; lastKnownFileType = sourcecode.c.objc; path = MMDrawerBarButtonItem.m; sourceTree = "<group>"; };
		2681C74D1CB6865900DAD467 /* MMDrawerController+Subclass.h */ = {isa = PBXFileReference; fileEncoding = 4; lastKnownFileType = sourcecode.c.h; path = "MMDrawerController+Subclass.h"; sourceTree = "<group>"; };
		2681C74E1CB6865900DAD467 /* MMDrawerController.h */ = {isa = PBXFileReference; fileEncoding = 4; lastKnownFileType = sourcecode.c.h; path = MMDrawerController.h; sourceTree = "<group>"; };
		2681C74F1CB6865900DAD467 /* MMDrawerController.m */ = {isa = PBXFileReference; fileEncoding = 4; lastKnownFileType = sourcecode.c.objc; path = MMDrawerController.m; sourceTree = "<group>"; };
		2681C7501CB6865900DAD467 /* MMDrawerVisualState.h */ = {isa = PBXFileReference; fileEncoding = 4; lastKnownFileType = sourcecode.c.h; path = MMDrawerVisualState.h; sourceTree = "<group>"; };
		2681C7511CB6865900DAD467 /* MMDrawerVisualState.m */ = {isa = PBXFileReference; fileEncoding = 4; lastKnownFileType = sourcecode.c.objc; path = MMDrawerVisualState.m; sourceTree = "<group>"; };
		2681C7521CB6865900DAD467 /* MMExampleDrawerVisualStateManager.h */ = {isa = PBXFileReference; fileEncoding = 4; lastKnownFileType = sourcecode.c.h; path = MMExampleDrawerVisualStateManager.h; sourceTree = "<group>"; };
		2681C7531CB6865900DAD467 /* MMExampleDrawerVisualStateManager.m */ = {isa = PBXFileReference; fileEncoding = 4; lastKnownFileType = sourcecode.c.objc; path = MMExampleDrawerVisualStateManager.m; sourceTree = "<group>"; };
		2681C7541CB6865900DAD467 /* UIViewController+MMDrawerController.h */ = {isa = PBXFileReference; fileEncoding = 4; lastKnownFileType = sourcecode.c.h; path = "UIViewController+MMDrawerController.h"; sourceTree = "<group>"; };
		2681C7551CB6865900DAD467 /* UIViewController+MMDrawerController.m */ = {isa = PBXFileReference; fileEncoding = 4; lastKnownFileType = sourcecode.c.objc; path = "UIViewController+MMDrawerController.m"; sourceTree = "<group>"; };
		2681C7561CB6865900DAD467 /* RCCDrawerController.h */ = {isa = PBXFileReference; fileEncoding = 4; lastKnownFileType = sourcecode.c.h; path = RCCDrawerController.h; sourceTree = "<group>"; };
		2681C7571CB6865900DAD467 /* RCCDrawerController.m */ = {isa = PBXFileReference; fileEncoding = 4; lastKnownFileType = sourcecode.c.objc; path = RCCDrawerController.m; sourceTree = "<group>"; };
		2681C7581CB6865900DAD467 /* RCCDrawerHelper.h */ = {isa = PBXFileReference; fileEncoding = 4; lastKnownFileType = sourcecode.c.h; path = RCCDrawerHelper.h; sourceTree = "<group>"; };
		2681C7591CB6865900DAD467 /* RCCDrawerHelper.m */ = {isa = PBXFileReference; fileEncoding = 4; lastKnownFileType = sourcecode.c.objc; path = RCCDrawerHelper.m; sourceTree = "<group>"; };
		2681C75A1CB6865900DAD467 /* RCCDrawerProtocol.h */ = {isa = PBXFileReference; fileEncoding = 4; lastKnownFileType = sourcecode.c.h; path = RCCDrawerProtocol.h; sourceTree = "<group>"; };
		2681C75D1CB6865900DAD467 /* SidebarAirbnbAnimation.h */ = {isa = PBXFileReference; fileEncoding = 4; lastKnownFileType = sourcecode.c.h; path = SidebarAirbnbAnimation.h; sourceTree = "<group>"; };
		2681C75E1CB6865900DAD467 /* SidebarAirbnbAnimation.m */ = {isa = PBXFileReference; fileEncoding = 4; lastKnownFileType = sourcecode.c.objc; path = SidebarAirbnbAnimation.m; sourceTree = "<group>"; };
		2681C75F1CB6865900DAD467 /* SidebarAnimation.h */ = {isa = PBXFileReference; fileEncoding = 4; lastKnownFileType = sourcecode.c.h; path = SidebarAnimation.h; sourceTree = "<group>"; };
		2681C7601CB6865900DAD467 /* SidebarAnimation.m */ = {isa = PBXFileReference; fileEncoding = 4; lastKnownFileType = sourcecode.c.objc; path = SidebarAnimation.m; sourceTree = "<group>"; };
		2681C7611CB6865900DAD467 /* SidebarFacebookAnimation.h */ = {isa = PBXFileReference; fileEncoding = 4; lastKnownFileType = sourcecode.c.h; path = SidebarFacebookAnimation.h; sourceTree = "<group>"; };
		2681C7621CB6865900DAD467 /* SidebarFacebookAnimation.m */ = {isa = PBXFileReference; fileEncoding = 4; lastKnownFileType = sourcecode.c.objc; path = SidebarFacebookAnimation.m; sourceTree = "<group>"; };
		2681C7631CB6865900DAD467 /* SidebarFeedlyAnimation.h */ = {isa = PBXFileReference; fileEncoding = 4; lastKnownFileType = sourcecode.c.h; path = SidebarFeedlyAnimation.h; sourceTree = "<group>"; };
		2681C7641CB6865900DAD467 /* SidebarFeedlyAnimation.m */ = {isa = PBXFileReference; fileEncoding = 4; lastKnownFileType = sourcecode.c.objc; path = SidebarFeedlyAnimation.m; sourceTree = "<group>"; };
		2681C7651CB6865900DAD467 /* SidebarFlipboardAnimation.h */ = {isa = PBXFileReference; fileEncoding = 4; lastKnownFileType = sourcecode.c.h; path = SidebarFlipboardAnimation.h; sourceTree = "<group>"; };
		2681C7661CB6865900DAD467 /* SidebarFlipboardAnimation.m */ = {isa = PBXFileReference; fileEncoding = 4; lastKnownFileType = sourcecode.c.objc; path = SidebarFlipboardAnimation.m; sourceTree = "<group>"; };
		2681C7671CB6865900DAD467 /* SidebarLuvocracyAnimation.h */ = {isa = PBXFileReference; fileEncoding = 4; lastKnownFileType = sourcecode.c.h; path = SidebarLuvocracyAnimation.h; sourceTree = "<group>"; };
		2681C7681CB6865900DAD467 /* SidebarLuvocracyAnimation.m */ = {isa = PBXFileReference; fileEncoding = 4; lastKnownFileType = sourcecode.c.objc; path = SidebarLuvocracyAnimation.m; sourceTree = "<group>"; };
		2681C7691CB6865900DAD467 /* SidebarWunderlistAnimation.h */ = {isa = PBXFileReference; fileEncoding = 4; lastKnownFileType = sourcecode.c.h; path = SidebarWunderlistAnimation.h; sourceTree = "<group>"; };
		2681C76A1CB6865900DAD467 /* SidebarWunderlistAnimation.m */ = {isa = PBXFileReference; fileEncoding = 4; lastKnownFileType = sourcecode.c.objc; path = SidebarWunderlistAnimation.m; sourceTree = "<group>"; };
		2681C76B1CB6865900DAD467 /* TheSidebarController.h */ = {isa = PBXFileReference; fileEncoding = 4; lastKnownFileType = sourcecode.c.h; path = TheSidebarController.h; sourceTree = "<group>"; };
		2681C76C1CB6865900DAD467 /* TheSidebarController.m */ = {isa = PBXFileReference; fileEncoding = 4; lastKnownFileType = sourcecode.c.objc; path = TheSidebarController.m; sourceTree = "<group>"; };
		CC84A1931C1A0C4E00B3A6A2 /* RCCManager.h */ = {isa = PBXFileReference; fileEncoding = 4; lastKnownFileType = sourcecode.c.h; path = RCCManager.h; sourceTree = "<group>"; };
		CC84A1941C1A0C4E00B3A6A2 /* RCCManager.m */ = {isa = PBXFileReference; fileEncoding = 4; indentWidth = 2; lastKnownFileType = sourcecode.c.objc; path = RCCManager.m; sourceTree = "<group>"; tabWidth = 2; };
		CC84A1951C1A0C4E00B3A6A2 /* RCCManagerModule.h */ = {isa = PBXFileReference; fileEncoding = 4; lastKnownFileType = sourcecode.c.h; path = RCCManagerModule.h; sourceTree = "<group>"; };
		CC84A1961C1A0C4E00B3A6A2 /* RCCManagerModule.m */ = {isa = PBXFileReference; fileEncoding = 4; lastKnownFileType = sourcecode.c.objc; path = RCCManagerModule.m; sourceTree = "<group>"; };
		CC84A1971C1A0C4E00B3A6A2 /* RCCNavigationController.h */ = {isa = PBXFileReference; fileEncoding = 4; lastKnownFileType = sourcecode.c.h; path = RCCNavigationController.h; sourceTree = "<group>"; };
		CC84A1981C1A0C4E00B3A6A2 /* RCCNavigationController.m */ = {isa = PBXFileReference; fileEncoding = 4; indentWidth = 2; lastKnownFileType = sourcecode.c.objc; path = RCCNavigationController.m; sourceTree = "<group>"; tabWidth = 2; };
		CC84A1991C1A0C4E00B3A6A2 /* RCCTabBarController.h */ = {isa = PBXFileReference; fileEncoding = 4; lastKnownFileType = sourcecode.c.h; path = RCCTabBarController.h; sourceTree = "<group>"; };
		CC84A19A1C1A0C4E00B3A6A2 /* RCCTabBarController.m */ = {isa = PBXFileReference; fileEncoding = 4; indentWidth = 2; lastKnownFileType = sourcecode.c.objc; path = RCCTabBarController.m; sourceTree = "<group>"; tabWidth = 2; };
		CC84A19B1C1A0C4E00B3A6A2 /* RCCViewController.h */ = {isa = PBXFileReference; fileEncoding = 4; lastKnownFileType = sourcecode.c.h; path = RCCViewController.h; sourceTree = "<group>"; };
		CC84A19C1C1A0C4E00B3A6A2 /* RCCViewController.m */ = {isa = PBXFileReference; fileEncoding = 4; indentWidth = 2; lastKnownFileType = sourcecode.c.objc; path = RCCViewController.m; sourceTree = "<group>"; tabWidth = 2; };
		D84813171C8C5EB700051BAF /* RCCLightBox.h */ = {isa = PBXFileReference; fileEncoding = 4; lastKnownFileType = sourcecode.c.h; path = RCCLightBox.h; sourceTree = "<group>"; };
		D84813181C8C5EB700051BAF /* RCCLightBox.m */ = {isa = PBXFileReference; fileEncoding = 4; lastKnownFileType = sourcecode.c.objc; path = RCCLightBox.m; sourceTree = "<group>"; };
		D8AFADBD1BEE6F3F00A4592D /* libReactNativeControllers.a */ = {isa = PBXFileReference; explicitFileType = archive.ar; includeInIndex = 0; path = libReactNativeControllers.a; sourceTree = BUILT_PRODUCTS_DIR; };
/* End PBXFileReference section */

/* Begin PBXFrameworksBuildPhase section */
		D8AFADBA1BEE6F3F00A4592D /* Frameworks */ = {
			isa = PBXFrameworksBuildPhase;
			buildActionMask = 2147483647;
			files = (
			);
			runOnlyForDeploymentPostprocessing = 0;
		};
/* End PBXFrameworksBuildPhase section */

/* Begin PBXGroup section */
		2681C7471CB6865900DAD467 /* RCCDrawerController */ = {
			isa = PBXGroup;
			children = (
				2681C7481CB6865900DAD467 /* RCCTheSideBarManagerViewController.h */,
				2681C7491CB6865900DAD467 /* RCCTheSideBarManagerViewController.m */,
				2681C74A1CB6865900DAD467 /* MMDrawerController */,
				2681C7561CB6865900DAD467 /* RCCDrawerController.h */,
				2681C7571CB6865900DAD467 /* RCCDrawerController.m */,
				2681C7581CB6865900DAD467 /* RCCDrawerHelper.h */,
				2681C7591CB6865900DAD467 /* RCCDrawerHelper.m */,
				2681C75A1CB6865900DAD467 /* RCCDrawerProtocol.h */,
				2681C75B1CB6865900DAD467 /* TheSidebarController */,
			);
			path = RCCDrawerController;
			sourceTree = "<group>";
		};
		2681C74A1CB6865900DAD467 /* MMDrawerController */ = {
			isa = PBXGroup;
			children = (
				2681C74B1CB6865900DAD467 /* MMDrawerBarButtonItem.h */,
				2681C74C1CB6865900DAD467 /* MMDrawerBarButtonItem.m */,
				2681C74D1CB6865900DAD467 /* MMDrawerController+Subclass.h */,
				2681C74E1CB6865900DAD467 /* MMDrawerController.h */,
				2681C74F1CB6865900DAD467 /* MMDrawerController.m */,
				2681C7501CB6865900DAD467 /* MMDrawerVisualState.h */,
				2681C7511CB6865900DAD467 /* MMDrawerVisualState.m */,
				2681C7521CB6865900DAD467 /* MMExampleDrawerVisualStateManager.h */,
				2681C7531CB6865900DAD467 /* MMExampleDrawerVisualStateManager.m */,
				2681C7541CB6865900DAD467 /* UIViewController+MMDrawerController.h */,
				2681C7551CB6865900DAD467 /* UIViewController+MMDrawerController.m */,
			);
			path = MMDrawerController;
			sourceTree = "<group>";
		};
		2681C75B1CB6865900DAD467 /* TheSidebarController */ = {
			isa = PBXGroup;
			children = (
				2681C75C1CB6865900DAD467 /* Animations */,
				2681C76B1CB6865900DAD467 /* TheSidebarController.h */,
				2681C76C1CB6865900DAD467 /* TheSidebarController.m */,
			);
			path = TheSidebarController;
			sourceTree = "<group>";
		};
		2681C75C1CB6865900DAD467 /* Animations */ = {
			isa = PBXGroup;
			children = (
				2681C75D1CB6865900DAD467 /* SidebarAirbnbAnimation.h */,
				2681C75E1CB6865900DAD467 /* SidebarAirbnbAnimation.m */,
				2681C75F1CB6865900DAD467 /* SidebarAnimation.h */,
				2681C7601CB6865900DAD467 /* SidebarAnimation.m */,
				2681C7611CB6865900DAD467 /* SidebarFacebookAnimation.h */,
				2681C7621CB6865900DAD467 /* SidebarFacebookAnimation.m */,
				2681C7631CB6865900DAD467 /* SidebarFeedlyAnimation.h */,
				2681C7641CB6865900DAD467 /* SidebarFeedlyAnimation.m */,
				2681C7651CB6865900DAD467 /* SidebarFlipboardAnimation.h */,
				2681C7661CB6865900DAD467 /* SidebarFlipboardAnimation.m */,
				2681C7671CB6865900DAD467 /* SidebarLuvocracyAnimation.h */,
				2681C7681CB6865900DAD467 /* SidebarLuvocracyAnimation.m */,
				2681C7691CB6865900DAD467 /* SidebarWunderlistAnimation.h */,
				2681C76A1CB6865900DAD467 /* SidebarWunderlistAnimation.m */,
			);
			path = Animations;
			sourceTree = "<group>";
		};
		D8AFADB41BEE6F3F00A4592D = {
			isa = PBXGroup;
			children = (
				2681C7471CB6865900DAD467 /* RCCDrawerController */,
				CC84A1931C1A0C4E00B3A6A2 /* RCCManager.h */,
				CC84A1941C1A0C4E00B3A6A2 /* RCCManager.m */,
				CC84A1951C1A0C4E00B3A6A2 /* RCCManagerModule.h */,
				CC84A1961C1A0C4E00B3A6A2 /* RCCManagerModule.m */,
				CC84A1971C1A0C4E00B3A6A2 /* RCCNavigationController.h */,
				CC84A1981C1A0C4E00B3A6A2 /* RCCNavigationController.m */,
				CC84A1991C1A0C4E00B3A6A2 /* RCCTabBarController.h */,
				CC84A19A1C1A0C4E00B3A6A2 /* RCCTabBarController.m */,
				CC84A19B1C1A0C4E00B3A6A2 /* RCCViewController.h */,
				CC84A19C1C1A0C4E00B3A6A2 /* RCCViewController.m */,
				D84813171C8C5EB700051BAF /* RCCLightBox.h */,
				D84813181C8C5EB700051BAF /* RCCLightBox.m */,
				D8AFADBE1BEE6F3F00A4592D /* Products */,
			);
			sourceTree = "<group>";
		};
		D8AFADBE1BEE6F3F00A4592D /* Products */ = {
			isa = PBXGroup;
			children = (
				D8AFADBD1BEE6F3F00A4592D /* libReactNativeControllers.a */,
			);
			name = Products;
			sourceTree = "<group>";
		};
/* End PBXGroup section */

/* Begin PBXNativeTarget section */
		D8AFADBC1BEE6F3F00A4592D /* ReactNativeControllers */ = {
			isa = PBXNativeTarget;
			buildConfigurationList = D8AFADC61BEE6F3F00A4592D /* Build configuration list for PBXNativeTarget "ReactNativeControllers" */;
			buildPhases = (
				D8AFADB91BEE6F3F00A4592D /* Sources */,
				D8AFADBA1BEE6F3F00A4592D /* Frameworks */,
				D8AFADBB1BEE6F3F00A4592D /* CopyFiles */,
			);
			buildRules = (
			);
			dependencies = (
			);
			name = ReactNativeControllers;
			productName = libReactContacts;
			productReference = D8AFADBD1BEE6F3F00A4592D /* libReactNativeControllers.a */;
			productType = "com.apple.product-type.library.static";
		};
/* End PBXNativeTarget section */

/* Begin PBXProject section */
		D8AFADB51BEE6F3F00A4592D /* Project object */ = {
			isa = PBXProject;
			attributes = {
				LastUpgradeCheck = 0710;
				ORGANIZATIONNAME = artal;
				TargetAttributes = {
					D8AFADBC1BEE6F3F00A4592D = {
						CreatedOnToolsVersion = 7.1;
					};
				};
			};
			buildConfigurationList = D8AFADB81BEE6F3F00A4592D /* Build configuration list for PBXProject "ReactNativeControllers" */;
			compatibilityVersion = "Xcode 3.2";
			developmentRegion = English;
			hasScannedForEncodings = 0;
			knownRegions = (
				en,
			);
			mainGroup = D8AFADB41BEE6F3F00A4592D;
			productRefGroup = D8AFADBE1BEE6F3F00A4592D /* Products */;
			projectDirPath = "";
			projectRoot = "";
			targets = (
				D8AFADBC1BEE6F3F00A4592D /* ReactNativeControllers */,
			);
		};
/* End PBXProject section */

/* Begin PBXSourcesBuildPhase section */
		D8AFADB91BEE6F3F00A4592D /* Sources */ = {
			isa = PBXSourcesBuildPhase;
			buildActionMask = 2147483647;
			files = (
				2681C7701CB6865900DAD467 /* MMDrawerVisualState.m in Sources */,
				CC84A1A01C1A0C4E00B3A6A2 /* RCCNavigationController.m in Sources */,
				2681C76E1CB6865900DAD467 /* MMDrawerBarButtonItem.m in Sources */,
				2681C7791CB6865900DAD467 /* SidebarFlipboardAnimation.m in Sources */,
				2681C7721CB6865900DAD467 /* UIViewController+MMDrawerController.m in Sources */,
				CC84A19F1C1A0C4E00B3A6A2 /* RCCManagerModule.m in Sources */,
				2681C7751CB6865900DAD467 /* SidebarAirbnbAnimation.m in Sources */,
				2681C7781CB6865900DAD467 /* SidebarFeedlyAnimation.m in Sources */,
				2681C77C1CB6865900DAD467 /* TheSidebarController.m in Sources */,
				2681C77A1CB6865900DAD467 /* SidebarLuvocracyAnimation.m in Sources */,
				2681C77B1CB6865900DAD467 /* SidebarWunderlistAnimation.m in Sources */,
				D84813191C8C5EB700051BAF /* RCCLightBox.m in Sources */,
				2681C7761CB6865900DAD467 /* SidebarAnimation.m in Sources */,
				CC84A19E1C1A0C4E00B3A6A2 /* RCCManager.m in Sources */,
				CC84A1A11C1A0C4E00B3A6A2 /* RCCTabBarController.m in Sources */,
				2681C76D1CB6865900DAD467 /* RCCTheSideBarManagerViewController.m in Sources */,
				2681C76F1CB6865900DAD467 /* MMDrawerController.m in Sources */,
				2681C7771CB6865900DAD467 /* SidebarFacebookAnimation.m in Sources */,
				CC84A1A21C1A0C4E00B3A6A2 /* RCCViewController.m in Sources */,
				2681C7711CB6865900DAD467 /* MMExampleDrawerVisualStateManager.m in Sources */,
				2681C7731CB6865900DAD467 /* RCCDrawerController.m in Sources */,
				2681C7741CB6865900DAD467 /* RCCDrawerHelper.m in Sources */,
			);
			runOnlyForDeploymentPostprocessing = 0;
		};
/* End PBXSourcesBuildPhase section */

/* Begin XCBuildConfiguration section */
		D8AFADC41BEE6F3F00A4592D /* Debug */ = {
			isa = XCBuildConfiguration;
			buildSettings = {
				ALWAYS_SEARCH_USER_PATHS = NO;
				CLANG_CXX_LANGUAGE_STANDARD = "gnu++0x";
				CLANG_CXX_LIBRARY = "libc++";
				CLANG_ENABLE_MODULES = YES;
				CLANG_ENABLE_OBJC_ARC = YES;
				CLANG_WARN_BOOL_CONVERSION = YES;
				CLANG_WARN_CONSTANT_CONVERSION = YES;
				CLANG_WARN_DIRECT_OBJC_ISA_USAGE = YES_ERROR;
				CLANG_WARN_EMPTY_BODY = YES;
				CLANG_WARN_ENUM_CONVERSION = YES;
				CLANG_WARN_INT_CONVERSION = YES;
				CLANG_WARN_OBJC_ROOT_CLASS = YES_ERROR;
				CLANG_WARN_UNREACHABLE_CODE = YES;
				CLANG_WARN__DUPLICATE_METHOD_MATCH = YES;
				"CODE_SIGN_IDENTITY[sdk=iphoneos*]" = "iPhone Developer";
				COPY_PHASE_STRIP = NO;
				DEBUG_INFORMATION_FORMAT = dwarf;
				ENABLE_STRICT_OBJC_MSGSEND = YES;
				ENABLE_TESTABILITY = YES;
				GCC_C_LANGUAGE_STANDARD = gnu99;
				GCC_DYNAMIC_NO_PIC = NO;
				GCC_NO_COMMON_BLOCKS = YES;
				GCC_OPTIMIZATION_LEVEL = 0;
				GCC_PREPROCESSOR_DEFINITIONS = (
					"DEBUG=1",
					"$(inherited)",
				);
				GCC_WARN_64_TO_32_BIT_CONVERSION = YES;
				GCC_WARN_ABOUT_RETURN_TYPE = YES_ERROR;
				GCC_WARN_UNDECLARED_SELECTOR = YES;
				GCC_WARN_UNINITIALIZED_AUTOS = YES_AGGRESSIVE;
				GCC_WARN_UNUSED_FUNCTION = YES;
				GCC_WARN_UNUSED_VARIABLE = YES;
				HEADER_SEARCH_PATHS = (
					"$(inherited)",
					"$(SRCROOT)/../../react-native/React/**",
				);
				IPHONEOS_DEPLOYMENT_TARGET = 8.0;
				MTL_ENABLE_DEBUG_INFO = YES;
				ONLY_ACTIVE_ARCH = YES;
				SDKROOT = iphoneos;
			};
			name = Debug;
		};
		D8AFADC51BEE6F3F00A4592D /* Release */ = {
			isa = XCBuildConfiguration;
			buildSettings = {
				ALWAYS_SEARCH_USER_PATHS = NO;
				CLANG_CXX_LANGUAGE_STANDARD = "gnu++0x";
				CLANG_CXX_LIBRARY = "libc++";
				CLANG_ENABLE_MODULES = YES;
				CLANG_ENABLE_OBJC_ARC = YES;
				CLANG_WARN_BOOL_CONVERSION = YES;
				CLANG_WARN_CONSTANT_CONVERSION = YES;
				CLANG_WARN_DIRECT_OBJC_ISA_USAGE = YES_ERROR;
				CLANG_WARN_EMPTY_BODY = YES;
				CLANG_WARN_ENUM_CONVERSION = YES;
				CLANG_WARN_INT_CONVERSION = YES;
				CLANG_WARN_OBJC_ROOT_CLASS = YES_ERROR;
				CLANG_WARN_UNREACHABLE_CODE = YES;
				CLANG_WARN__DUPLICATE_METHOD_MATCH = YES;
				"CODE_SIGN_IDENTITY[sdk=iphoneos*]" = "iPhone Developer";
				COPY_PHASE_STRIP = NO;
				DEBUG_INFORMATION_FORMAT = "dwarf-with-dsym";
				ENABLE_NS_ASSERTIONS = NO;
				ENABLE_STRICT_OBJC_MSGSEND = YES;
				GCC_C_LANGUAGE_STANDARD = gnu99;
				GCC_NO_COMMON_BLOCKS = YES;
				GCC_WARN_64_TO_32_BIT_CONVERSION = YES;
				GCC_WARN_ABOUT_RETURN_TYPE = YES_ERROR;
				GCC_WARN_UNDECLARED_SELECTOR = YES;
				GCC_WARN_UNINITIALIZED_AUTOS = YES_AGGRESSIVE;
				GCC_WARN_UNUSED_FUNCTION = YES;
				GCC_WARN_UNUSED_VARIABLE = YES;
				HEADER_SEARCH_PATHS = (
					"$(inherited)",
					"$(SRCROOT)/../../react-native/React/**",
				);
				IPHONEOS_DEPLOYMENT_TARGET = 8.0;
				MTL_ENABLE_DEBUG_INFO = NO;
				SDKROOT = iphoneos;
				VALIDATE_PRODUCT = YES;
			};
			name = Release;
		};
		D8AFADC71BEE6F3F00A4592D /* Debug */ = {
			isa = XCBuildConfiguration;
			buildSettings = {
				HEADER_SEARCH_PATHS = (
					"$(inherited)",
					"$(SRCROOT)/../../react-native/React/**",
				);
				OTHER_LDFLAGS = "-ObjC";
				PRODUCT_NAME = "$(TARGET_NAME)";
				SKIP_INSTALL = YES;
			};
			name = Debug;
		};
		D8AFADC81BEE6F3F00A4592D /* Release */ = {
			isa = XCBuildConfiguration;
			buildSettings = {
				HEADER_SEARCH_PATHS = (
					"$(inherited)",
					"$(SRCROOT)/../../react-native/React/**",
				);
				OTHER_LDFLAGS = "-ObjC";
				PRODUCT_NAME = "$(TARGET_NAME)";
				SKIP_INSTALL = YES;
			};
			name = Release;
		};
/* End XCBuildConfiguration section */

/* Begin XCConfigurationList section */
		D8AFADB81BEE6F3F00A4592D /* Build configuration list for PBXProject "ReactNativeControllers" */ = {
			isa = XCConfigurationList;
			buildConfigurations = (
				D8AFADC41BEE6F3F00A4592D /* Debug */,
				D8AFADC51BEE6F3F00A4592D /* Release */,
			);
			defaultConfigurationIsVisible = 0;
			defaultConfigurationName = Release;
		};
		D8AFADC61BEE6F3F00A4592D /* Build configuration list for PBXNativeTarget "ReactNativeControllers" */ = {
			isa = XCConfigurationList;
			buildConfigurations = (
				D8AFADC71BEE6F3F00A4592D /* Debug */,
				D8AFADC81BEE6F3F00A4592D /* Release */,
			);
			defaultConfigurationIsVisible = 0;
			defaultConfigurationName = Release;
		};
/* End XCConfigurationList section */
	};
	rootObject = D8AFADB51BEE6F3F00A4592D /* Project object */;
}
